
Microsoft Visual Studio Solution File, Format Version 12.00
# Visual Studio Version 16
VisualStudioVersion = 16.0.32413.511
MinimumVisualStudioVersion = 10.0.40219.1
Project("{FAE04EC0-301F-11D3-BF4B-00C04F79EFBC}") = "socket-io-tutorial", "socket-io-tutorial.csproj", "{DBAD7353-DC31-4446-8846-253C25D17D20}"
EndProject
Global
	GlobalSection(SolutionConfigurationPlatforms) = preSolution
		Debug|Any CPU = Debug|Any CPU
		Release|Any CPU = Release|Any CPU
	EndGlobalSection
	GlobalSection(ProjectConfigurationPlatforms) = postSolution
		{DBAD7353-DC31-4446-8846-253C25D17D20}.Debug|Any CPU.ActiveCfg = Debug|Any CPU
		{DBAD7353-DC31-4446-8846-253C25D17D20}.Debug|Any CPU.Build.0 = Debug|Any CPU
		{DBAD7353-DC31-4446-8846-253C25D17D20}.Release|Any CPU.ActiveCfg = Release|Any CPU
		{DBAD7353-DC31-4446-8846-253C25D17D20}.Release|Any CPU.Build.0 = Release|Any CPU
	EndGlobalSection
	GlobalSection(SolutionProperties) = preSolution
		HideSolutionNode = FALSE
	EndGlobalSection
	GlobalSection(ExtensibilityGlobals) = postSolution
		SolutionGuid = {86F33882-6EA2-449E-9AC3-FA9BC5F0D722}
	EndGlobalSection
EndGlobal
